
Microsoft Visual Studio Solution File, Format Version 12.00
# Visual Studio Version 17
VisualStudioVersion = 17.6.33723.286
MinimumVisualStudioVersion = 10.0.40219.1
Project("{FAE04EC0-301F-11D3-BF4B-00C04F79EFBC}") = "CosmosProject", "CosmosProject\CosmosProject.csproj", "{BB462A1C-ED8E-42D5-BA25-2D291E4DFD62}"
EndProject
Global
	GlobalSection(SolutionConfigurationPlatforms) = preSolution
		Debug|Any CPU = Debug|Any CPU
		Release|Any CPU = Release|Any CPU
	EndGlobalSection
	GlobalSection(ProjectConfigurationPlatforms) = postSolution
		{BB462A1C-ED8E-42D5-BA25-2D291E4DFD62}.Debug|Any CPU.ActiveCfg = Debug|Any CPU
		{BB462A1C-ED8E-42D5-BA25-2D291E4DFD62}.Debug|Any CPU.Build.0 = Debug|Any CPU
		{BB462A1C-ED8E-42D5-BA25-2D291E4DFD62}.Release|Any CPU.ActiveCfg = Release|Any CPU
		{BB462A1C-ED8E-42D5-BA25-2D291E4DFD62}.Release|Any CPU.Build.0 = Release|Any CPU
	EndGlobalSection
	GlobalSection(SolutionProperties) = preSolution
		HideSolutionNode = FALSE
	EndGlobalSection
	GlobalSection(ExtensibilityGlobals) = postSolution
		SolutionGuid = {0246828E-DA26-4A10-87F0-B180C4DE7617}
	EndGlobalSection
EndGlobal
